
Microsoft Visual Studio Solution File, Format Version 12.00
# Visual Studio Version 17
VisualStudioVersion = 17.0.31903.59
MinimumVisualStudioVersion = 10.0.40219.1
Project("{9A19103F-16F7-4668-BE54-9A1E7A4F7556}") = "NUnitCoffee", "NUnitCoffee.csproj", "{BAAF606C-076E-4018-97B3-2BD46D05EF09}"
EndProject
Project("{FAE04EC0-301F-11D3-BF4B-00C04F79EFBC}") = "MaquinaDeCafe", "..\MaquinaDeCafe\MaquinaDeCafe.csproj", "{12483A74-D484-480A-8C60-3E40E25C96D6}"
EndProject
Global
	GlobalSection(SolutionConfigurationPlatforms) = preSolution
		Debug|Any CPU = Debug|Any CPU
		Release|Any CPU = Release|Any CPU
	EndGlobalSection
	GlobalSection(ProjectConfigurationPlatforms) = postSolution
		{BAAF606C-076E-4018-97B3-2BD46D05EF09}.Debug|Any CPU.ActiveCfg = Debug|Any CPU
		{BAAF606C-076E-4018-97B3-2BD46D05EF09}.Debug|Any CPU.Build.0 = Debug|Any CPU
		{BAAF606C-076E-4018-97B3-2BD46D05EF09}.Release|Any CPU.ActiveCfg = Release|Any CPU
		{BAAF606C-076E-4018-97B3-2BD46D05EF09}.Release|Any CPU.Build.0 = Release|Any CPU
		{12483A74-D484-480A-8C60-3E40E25C96D6}.Debug|Any CPU.ActiveCfg = Debug|Any CPU
		{12483A74-D484-480A-8C60-3E40E25C96D6}.Debug|Any CPU.Build.0 = Debug|Any CPU
		{12483A74-D484-480A-8C60-3E40E25C96D6}.Release|Any CPU.ActiveCfg = Release|Any CPU
		{12483A74-D484-480A-8C60-3E40E25C96D6}.Release|Any CPU.Build.0 = Release|Any CPU
	EndGlobalSection
	GlobalSection(SolutionProperties) = preSolution
		HideSolutionNode = FALSE
	EndGlobalSection
	GlobalSection(ExtensibilityGlobals) = postSolution
		SolutionGuid = {5B9BC458-02ED-46E8-84B6-A069B4298A76}
	EndGlobalSection
EndGlobal
